
Microsoft Visual Studio Solution File, Format Version 12.00
# Visual Studio 15
VisualStudioVersion = 15.0.27703.1
MinimumVisualStudioVersion = 10.0.40219.1
Project("{FAE04EC0-301F-11D3-BF4B-00C04F79EFBC}") = "SwitchSDTool", "SwitchSDTool\SwitchSDTool.csproj", "{672895BC-DB06-423B-8E22-F59059486D2D}"
EndProject
Project("{9A19103F-16F7-4668-BE54-9A1E7A4F7556}") = "libhac", "..\libhac\libhac\libhac.csproj", "{E156D7B4-DCED-47B5-A0CC-40811B2FEF0D}"
EndProject
Project("{9A19103F-16F7-4668-BE54-9A1E7A4F7556}") = "libhac.Nand", "..\libhac\libhac.Nand\libhac.Nand.csproj", "{A647DD91-AC76-4703-BA93-6CC89139AA1D}"
EndProject
Project("{FAE04EC0-301F-11D3-BF4B-00C04F79EFBC}") = "NSPVerify", "NSPVerify\NSPVerify.csproj", "{97CDB25B-7325-4D06-ABC4-752ACB0B99DF}"
EndProject
Global
	GlobalSection(SolutionConfigurationPlatforms) = preSolution
		Debug|Any CPU = Debug|Any CPU
		Release|Any CPU = Release|Any CPU
	EndGlobalSection
	GlobalSection(ProjectConfigurationPlatforms) = postSolution
		{672895BC-DB06-423B-8E22-F59059486D2D}.Debug|Any CPU.ActiveCfg = Debug|Any CPU
		{672895BC-DB06-423B-8E22-F59059486D2D}.Debug|Any CPU.Build.0 = Debug|Any CPU
		{672895BC-DB06-423B-8E22-F59059486D2D}.Release|Any CPU.ActiveCfg = Release|Any CPU
		{672895BC-DB06-423B-8E22-F59059486D2D}.Release|Any CPU.Build.0 = Release|Any CPU
		{E156D7B4-DCED-47B5-A0CC-40811B2FEF0D}.Debug|Any CPU.ActiveCfg = Debug|Any CPU
		{E156D7B4-DCED-47B5-A0CC-40811B2FEF0D}.Debug|Any CPU.Build.0 = Debug|Any CPU
		{E156D7B4-DCED-47B5-A0CC-40811B2FEF0D}.Release|Any CPU.ActiveCfg = Release|Any CPU
		{E156D7B4-DCED-47B5-A0CC-40811B2FEF0D}.Release|Any CPU.Build.0 = Release|Any CPU
		{A647DD91-AC76-4703-BA93-6CC89139AA1D}.Debug|Any CPU.ActiveCfg = Debug|Any CPU
		{A647DD91-AC76-4703-BA93-6CC89139AA1D}.Debug|Any CPU.Build.0 = Debug|Any CPU
		{A647DD91-AC76-4703-BA93-6CC89139AA1D}.Release|Any CPU.ActiveCfg = Release|Any CPU
		{A647DD91-AC76-4703-BA93-6CC89139AA1D}.Release|Any CPU.Build.0 = Release|Any CPU
		{97CDB25B-7325-4D06-ABC4-752ACB0B99DF}.Debug|Any CPU.ActiveCfg = Debug|Any CPU
		{97CDB25B-7325-4D06-ABC4-752ACB0B99DF}.Debug|Any CPU.Build.0 = Debug|Any CPU
		{97CDB25B-7325-4D06-ABC4-752ACB0B99DF}.Release|Any CPU.ActiveCfg = Release|Any CPU
		{97CDB25B-7325-4D06-ABC4-752ACB0B99DF}.Release|Any CPU.Build.0 = Release|Any CPU
	EndGlobalSection
	GlobalSection(SolutionProperties) = preSolution
		HideSolutionNode = FALSE
	EndGlobalSection
	GlobalSection(ExtensibilityGlobals) = postSolution
		SolutionGuid = {42E90ED8-A65A-474E-987A-4A94ACB68D63}
	EndGlobalSection
EndGlobal
