
Microsoft Visual Studio Solution File, Format Version 12.00
# Visual Studio 15
VisualStudioVersion = 15.0.27703.1
MinimumVisualStudioVersion = 10.0.40219.1
Project("{FAE04EC0-301F-11D3-BF4B-00C04F79EFBC}") = "SwitchSDTool", "SwitchSDTool\SwitchSDTool.csproj", "{672895BC-DB06-423B-8E22-F59059486D2D}"
EndProject
Project("{FAE04EC0-301F-11D3-BF4B-00C04F79EFBC}") = "NSPVerify", "NSPVerify\NSPVerify.csproj", "{97CDB25B-7325-4D06-ABC4-752ACB0B99DF}"
EndProject
Project("{9A19103F-16F7-4668-BE54-9A1E7A4F7556}") = "LibHac", "..\libhac\src\LibHac\LibHac.csproj", "{F7786FF9-5B77-41F2-BD67-114BD2952F2D}"
EndProject
Project("{9A19103F-16F7-4668-BE54-9A1E7A4F7556}") = "LibHac.Nand", "..\libhac\src\LibHac.Nand\LibHac.Nand.csproj", "{04D51950-1389-43FF-8580-FBD2AD57F187}"
EndProject
Global
	GlobalSection(SolutionConfigurationPlatforms) = preSolution
		Debug|Any CPU = Debug|Any CPU
		Release|Any CPU = Release|Any CPU
	EndGlobalSection
	GlobalSection(ProjectConfigurationPlatforms) = postSolution
		{672895BC-DB06-423B-8E22-F59059486D2D}.Debug|Any CPU.ActiveCfg = Debug|Any CPU
		{672895BC-DB06-423B-8E22-F59059486D2D}.Debug|Any CPU.Build.0 = Debug|Any CPU
		{672895BC-DB06-423B-8E22-F59059486D2D}.Release|Any CPU.ActiveCfg = Release|Any CPU
		{672895BC-DB06-423B-8E22-F59059486D2D}.Release|Any CPU.Build.0 = Release|Any CPU
		{97CDB25B-7325-4D06-ABC4-752ACB0B99DF}.Debug|Any CPU.ActiveCfg = Debug|Any CPU
		{97CDB25B-7325-4D06-ABC4-752ACB0B99DF}.Debug|Any CPU.Build.0 = Debug|Any CPU
		{97CDB25B-7325-4D06-ABC4-752ACB0B99DF}.Release|Any CPU.ActiveCfg = Release|Any CPU
		{97CDB25B-7325-4D06-ABC4-752ACB0B99DF}.Release|Any CPU.Build.0 = Release|Any CPU
		{F7786FF9-5B77-41F2-BD67-114BD2952F2D}.Debug|Any CPU.ActiveCfg = Debug|Any CPU
		{F7786FF9-5B77-41F2-BD67-114BD2952F2D}.Debug|Any CPU.Build.0 = Debug|Any CPU
		{F7786FF9-5B77-41F2-BD67-114BD2952F2D}.Release|Any CPU.ActiveCfg = Release|Any CPU
		{F7786FF9-5B77-41F2-BD67-114BD2952F2D}.Release|Any CPU.Build.0 = Release|Any CPU
		{04D51950-1389-43FF-8580-FBD2AD57F187}.Debug|Any CPU.ActiveCfg = Debug|Any CPU
		{04D51950-1389-43FF-8580-FBD2AD57F187}.Debug|Any CPU.Build.0 = Debug|Any CPU
		{04D51950-1389-43FF-8580-FBD2AD57F187}.Release|Any CPU.ActiveCfg = Release|Any CPU
		{04D51950-1389-43FF-8580-FBD2AD57F187}.Release|Any CPU.Build.0 = Release|Any CPU
	EndGlobalSection
	GlobalSection(SolutionProperties) = preSolution
		HideSolutionNode = FALSE
	EndGlobalSection
	GlobalSection(ExtensibilityGlobals) = postSolution
		SolutionGuid = {42E90ED8-A65A-474E-987A-4A94ACB68D63}
	EndGlobalSection
EndGlobal
